{
  "version": 4,
  "terraform_version": "1.9.8",
  "serial": 229,
  "lineage": "4cba1036-e3b4-1d9f-0b4d-35bd6ab28735",
  "outputs": {
    "private": {
      "value": {
        "nodes-01": {
          "fqdn": "nodes-01.ru-central1.internal",
          "id": "fhm0r0fsbhk7pbul7s1l",
          "ipexternal": "",
          "iplocal": "192.168.20.33",
          "name": "nodes-01"
        }
      },
      "type": [
        "map",
        [
          "object",
          {
            "fqdn": "string",
            "id": "string",
            "ipexternal": "string",
            "iplocal": "string",
            "name": "string"
          }
        ]
      ]
    },
    "public": {
      "value": {
        "nat-01": {
          "fqdn": "nat-01.ru-central1.internal",
          "id": "fhms5nlakcklki0vhuam",
          "ipexternal": "89.169.159.175",
          "iplocal": "192.168.10.254",
          "name": "nat-01"
        }
      },
      "type": [
        "map",
        [
          "object",
          {
            "fqdn": "string",
            "id": "string",
            "ipexternal": "string",
            "iplocal": "string",
            "name": "string"
          }
        ]
      ]
    }
  },
  "resources": [
    {
      "mode": "data",
      "type": "yandex_compute_image",
      "name": "ubuntu-private",
      "provider": "provider[\"registry.terraform.io/yandex-cloud/yandex\"]",
      "instances": [
        {
          "schema_version": 0,
          "attributes": {
            "created_at": "2025-04-14T11:03:33Z",
            "description": "Ubuntu 20.04 lts v20250404010415",
            "family": "ubuntu-2004-lts",
            "folder_id": "standard-images",
            "hardware_generation": [
              {
                "generation2_features": [],
                "legacy_features": [
                  {
                    "pci_topology": "PCI_TOPOLOGY_V2"
                  }
                ]
              }
            ],
            "id": "fd845a7ek6ksren3n10n",
            "image_id": "fd845a7ek6ksren3n10n",
            "labels": {
              "version": "20250404010415"
            },
            "min_disk_size": 5,
            "name": "ubuntu-20-04-lts-v20250414",
            "os_type": "linux",
            "pooled": true,
            "product_ids": [
              "f2ej00ptsoo6nr9m5jo7"
            ],
            "size": 2,
            "status": "ready"
          },
          "sensitive_attributes": []
        }
      ]
    },
    {
      "mode": "data",
      "type": "yandex_compute_image",
      "name": "ubuntu-public",
      "provider": "provider[\"registry.terraform.io/yandex-cloud/yandex\"]",
      "instances": [
        {
          "schema_version": 0,
          "attributes": {
            "created_at": "2025-04-14T11:03:32Z",
            "description": "nat-instance-ubuntu",
            "family": "nat-instance-ubuntu",
            "folder_id": "standard-images",
            "hardware_generation": [
              {
                "generation2_features": [],
                "legacy_features": [
                  {
                    "pci_topology": "PCI_TOPOLOGY_V1"
                  }
                ]
              }
            ],
            "id": "fd8utnhnvmt121o5nu4d",
            "image_id": "fd8utnhnvmt121o5nu4d",
            "labels": {},
            "min_disk_size": 3,
            "name": "nat-instance-ubuntu-18-04-lts-v20250414",
            "os_type": "linux",
            "pooled": true,
            "product_ids": [
              "f2elr5f8r01hlf85rrpf",
              "f2em5dogiikfnn6b0a8l"
            ],
            "size": 2,
            "status": "ready"
          },
          "sensitive_attributes": []
        }
      ]
    },
    {
      "mode": "managed",
      "type": "yandex_compute_instance",
      "name": "private",
      "provider": "provider[\"registry.terraform.io/yandex-cloud/yandex\"]",
      "instances": [
        {
          "index_key": 0,
          "schema_version": 1,
          "attributes": {
            "allow_recreate": null,
            "allow_stopping_for_update": null,
            "boot_disk": [
              {
                "auto_delete": true,
                "device_name": "fhmcvlvsrh5ilfsses1v",
                "disk_id": "fhmcvlvsrh5ilfsses1v",
                "initialize_params": [
                  {
                    "block_size": 4096,
                    "description": "",
                    "image_id": "fd845a7ek6ksren3n10n",
                    "name": "",
                    "size": 30,
                    "snapshot_id": "",
                    "type": "network-hdd"
                  }
                ],
                "mode": "READ_WRITE"
              }
            ],
            "created_at": "2025-04-16T15:29:55Z",
            "description": "",
            "filesystem": [],
            "folder_id": "b1g4oj1qbocerk58ophh",
            "fqdn": "nodes-01.ru-central1.internal",
            "gpu_cluster_id": "",
            "hardware_generation": [
              {
                "generation2_features": [],
                "legacy_features": [
                  {
                    "pci_topology": "PCI_TOPOLOGY_V2"
                  }
                ]
              }
            ],
            "hostname": "nodes-01",
            "id": "fhm0r0fsbhk7pbul7s1l",
            "labels": null,
            "local_disk": [],
            "maintenance_grace_period": "",
            "maintenance_policy": null,
            "metadata": {
              "ssh-keys": "ubuntu:ssh-rsa AAAAB3NzaC1yc2EAAAADAQABAAACAQC1NzSq8pPqUZwLb1YNNlJYyXoBJJLNlJPJ0/ggwslbLNiexEK8MqLr/DFKG+bJFGo3FpJKUQZoFikLI2vVV6i89ru4QsJPtUinDXY3mjai5qyZ1QXLu3FZG0axu6rJ7DjydJtU5tmltZ11oC2RWBwJ8D1m9tFNjq+c12ap4NYeyfG2o/IWgoYlAB9p/TbHg/IU/Xfm211CmPS2Vdlg9nHLl6p0elbsaIvbJp5Hg+X6VPUoljZlaX4wx1fqiWUwaah3gL5El82dn6UB+JEei0lGwfwx94BG77VEEBNH9/TZyilwtd+ozVG8QUNzSdDk4GHsROFxTyh67vgft3X6gTbGAFjMb3i3PgGOtVNdw7CU7SdhNGiapae86Z9uGiVgrzFLfW31e+XGkA4KZ+5uWL+ltiELXTAlWd3h2OfVyZ9ZZ8pwI23pzpfYqkTJ1/BUy1FeYeq8B8fFlDCRaufzoVP3IwP+eAt0N4UFeVGgRuhX3NLhmwCzyemSV8cyyXCI11//0pJ5gq0vTUxLafmr7vC3lcL3BNHkCTd2jd4iAvIbZpr72NNRCuHyuaKAEjtD2NhT8j6aBankm3hsyssXQR1rHhIrDHr1Bnqd+Zj/lL9/31TzDMWGfmhjYi1few5ib+PFfgT49aAMMZUIpAG9kw9pyTluEawFrh5QjXhZmSBb5w== new\n"
            },
            "metadata_options": [
              {
                "aws_v1_http_endpoint": 1,
                "aws_v1_http_token": 2,
                "gce_http_endpoint": 1,
                "gce_http_token": 1
              }
            ],
            "name": "nodes-01",
            "network_acceleration_type": "standard",
            "network_interface": [
              {
                "dns_record": [],
                "index": 0,
                "ip_address": "192.168.20.33",
                "ipv4": true,
                "ipv6": false,
                "ipv6_address": "",
                "ipv6_dns_record": [],
                "mac_address": "d0:0d:d8:1f:c5:c6",
                "nat": false,
                "nat_dns_record": [],
                "nat_ip_address": "",
                "nat_ip_version": "",
                "security_group_ids": [],
                "subnet_id": "e9bqnv1gusfla46oe5mj"
              }
            ],
            "placement_policy": [
              {
                "host_affinity_rules": [],
                "placement_group_id": "",
                "placement_group_partition": 0
              }
            ],
            "platform_id": "standard-v1",
            "resources": [
              {
                "core_fraction": 20,
                "cores": 2,
                "gpus": 0,
                "memory": 4
              }
            ],
            "scheduling_policy": [
              {
                "preemptible": true
              }
            ],
            "secondary_disk": [],
            "service_account_id": "",
            "status": "running",
            "timeouts": null,
            "zone": "ru-central1-a"
          },
          "sensitive_attributes": [],
          "private": "eyJlMmJmYjczMC1lY2FhLTExZTYtOGY4OC0zNDM2M2JjN2M0YzAiOnsiY3JlYXRlIjozMDAwMDAwMDAwMDAsImRlbGV0ZSI6MzAwMDAwMDAwMDAwLCJ1cGRhdGUiOjMwMDAwMDAwMDAwMH0sInNjaGVtYV92ZXJzaW9uIjoiMSJ9",
          "dependencies": [
            "data.yandex_compute_image.ubuntu-private",
            "yandex_vpc_network.yc_net_home",
            "yandex_vpc_route_table.nat-route-table",
            "yandex_vpc_subnet.private"
          ]
        }
      ]
    },
    {
      "mode": "managed",
      "type": "yandex_compute_instance",
      "name": "public",
      "provider": "provider[\"registry.terraform.io/yandex-cloud/yandex\"]",
      "instances": [
        {
          "index_key": 0,
          "schema_version": 1,
          "attributes": {
            "allow_recreate": null,
            "allow_stopping_for_update": null,
            "boot_disk": [
              {
                "auto_delete": true,
                "device_name": "fhmq2tb5k55hf396fbq1",
                "disk_id": "fhmq2tb5k55hf396fbq1",
                "initialize_params": [
                  {
                    "block_size": 4096,
                    "description": "",
                    "image_id": "fd8utnhnvmt121o5nu4d",
                    "name": "",
                    "size": 30,
                    "snapshot_id": "",
                    "type": "network-hdd"
                  }
                ],
                "mode": "READ_WRITE"
              }
            ],
            "created_at": "2025-04-16T15:29:54Z",
            "description": "",
            "filesystem": [],
            "folder_id": "b1g4oj1qbocerk58ophh",
            "fqdn": "nat-01.ru-central1.internal",
            "gpu_cluster_id": "",
            "hardware_generation": [
              {
                "generation2_features": [],
                "legacy_features": [
                  {
                    "pci_topology": "PCI_TOPOLOGY_V1"
                  }
                ]
              }
            ],
            "hostname": "nat-01",
            "id": "fhms5nlakcklki0vhuam",
            "labels": null,
            "local_disk": [],
            "maintenance_grace_period": "",
            "maintenance_policy": null,
            "metadata": {
              "ssh-keys": "ubuntu:ssh-rsa AAAAB3NzaC1yc2EAAAADAQABAAACAQC1NzSq8pPqUZwLb1YNNlJYyXoBJJLNlJPJ0/ggwslbLNiexEK8MqLr/DFKG+bJFGo3FpJKUQZoFikLI2vVV6i89ru4QsJPtUinDXY3mjai5qyZ1QXLu3FZG0axu6rJ7DjydJtU5tmltZ11oC2RWBwJ8D1m9tFNjq+c12ap4NYeyfG2o/IWgoYlAB9p/TbHg/IU/Xfm211CmPS2Vdlg9nHLl6p0elbsaIvbJp5Hg+X6VPUoljZlaX4wx1fqiWUwaah3gL5El82dn6UB+JEei0lGwfwx94BG77VEEBNH9/TZyilwtd+ozVG8QUNzSdDk4GHsROFxTyh67vgft3X6gTbGAFjMb3i3PgGOtVNdw7CU7SdhNGiapae86Z9uGiVgrzFLfW31e+XGkA4KZ+5uWL+ltiELXTAlWd3h2OfVyZ9ZZ8pwI23pzpfYqkTJ1/BUy1FeYeq8B8fFlDCRaufzoVP3IwP+eAt0N4UFeVGgRuhX3NLhmwCzyemSV8cyyXCI11//0pJ5gq0vTUxLafmr7vC3lcL3BNHkCTd2jd4iAvIbZpr72NNRCuHyuaKAEjtD2NhT8j6aBankm3hsyssXQR1rHhIrDHr1Bnqd+Zj/lL9/31TzDMWGfmhjYi1few5ib+PFfgT49aAMMZUIpAG9kw9pyTluEawFrh5QjXhZmSBb5w== new\n"
            },
            "metadata_options": [
              {
                "aws_v1_http_endpoint": 1,
                "aws_v1_http_token": 2,
                "gce_http_endpoint": 1,
                "gce_http_token": 1
              }
            ],
            "name": "nat-01",
            "network_acceleration_type": "standard",
            "network_interface": [
              {
                "dns_record": [],
                "index": 0,
                "ip_address": "192.168.10.254",
                "ipv4": true,
                "ipv6": false,
                "ipv6_address": "",
                "ipv6_dns_record": [],
                "mac_address": "d0:0d:1c:2d:ea:aa",
                "nat": true,
                "nat_dns_record": [],
                "nat_ip_address": "89.169.159.175",
                "nat_ip_version": "IPV4",
                "security_group_ids": [],
                "subnet_id": "e9bmpmp7ahiojfvkblf9"
              }
            ],
            "placement_policy": [
              {
                "host_affinity_rules": [],
                "placement_group_id": "",
                "placement_group_partition": 0
              }
            ],
            "platform_id": "standard-v1",
            "resources": [
              {
                "core_fraction": 20,
                "cores": 2,
                "gpus": 0,
                "memory": 4
              }
            ],
            "scheduling_policy": [
              {
                "preemptible": true
              }
            ],
            "secondary_disk": [],
            "service_account_id": "",
            "status": "running",
            "timeouts": null,
            "zone": "ru-central1-a"
          },
          "sensitive_attributes": [],
          "private": "eyJlMmJmYjczMC1lY2FhLTExZTYtOGY4OC0zNDM2M2JjN2M0YzAiOnsiY3JlYXRlIjozMDAwMDAwMDAwMDAsImRlbGV0ZSI6MzAwMDAwMDAwMDAwLCJ1cGRhdGUiOjMwMDAwMDAwMDAwMH0sInNjaGVtYV92ZXJzaW9uIjoiMSJ9",
          "dependencies": [
            "data.yandex_compute_image.ubuntu-public",
            "yandex_vpc_network.yc_net_home",
            "yandex_vpc_subnet.public"
          ]
        }
      ]
    },
    {
      "mode": "managed",
      "type": "yandex_vpc_network",
      "name": "yc_net_home",
      "provider": "provider[\"registry.terraform.io/yandex-cloud/yandex\"]",
      "instances": [
        {
          "schema_version": 0,
          "attributes": {
            "created_at": "2025-04-16T15:29:51Z",
            "default_security_group_id": "enpcorc3fcodm0o8cdv3",
            "description": "",
            "folder_id": "b1g4oj1qbocerk58ophh",
            "id": "enpb45l916pau09a9vsd",
            "labels": {},
            "name": "yc_home",
            "subnet_ids": [],
            "timeouts": null
          },
          "sensitive_attributes": [],
          "private": "eyJlMmJmYjczMC1lY2FhLTExZTYtOGY4OC0zNDM2M2JjN2M0YzAiOnsiY3JlYXRlIjo2MDAwMDAwMDAwMCwiZGVsZXRlIjo2MDAwMDAwMDAwMCwidXBkYXRlIjo2MDAwMDAwMDAwMH19"
        }
      ]
    },
    {
      "mode": "managed",
      "type": "yandex_vpc_route_table",
      "name": "nat-route-table",
      "provider": "provider[\"registry.terraform.io/yandex-cloud/yandex\"]",
      "instances": [
        {
          "schema_version": 0,
          "attributes": {
            "created_at": "2025-04-16T15:29:53Z",
            "description": "",
            "folder_id": "b1g4oj1qbocerk58ophh",
            "id": "enpvq2ke5k7vratt8fu4",
            "labels": {},
            "name": "",
            "network_id": "enpb45l916pau09a9vsd",
            "static_route": [
              {
                "destination_prefix": "0.0.0.0/0",
                "gateway_id": "",
                "next_hop_address": "192.168.10.254"
              }
            ],
            "timeouts": null
          },
          "sensitive_attributes": [],
          "private": "eyJlMmJmYjczMC1lY2FhLTExZTYtOGY4OC0zNDM2M2JjN2M0YzAiOnsiY3JlYXRlIjoxODAwMDAwMDAwMDAsImRlbGV0ZSI6MTgwMDAwMDAwMDAwLCJ1cGRhdGUiOjE4MDAwMDAwMDAwMH19",
          "dependencies": [
            "yandex_vpc_network.yc_net_home"
          ]
        }
      ]
    },
    {
      "mode": "managed",
      "type": "yandex_vpc_subnet",
      "name": "private",
      "provider": "provider[\"registry.terraform.io/yandex-cloud/yandex\"]",
      "instances": [
        {
          "schema_version": 0,
          "attributes": {
            "created_at": "2025-04-16T15:29:54Z",
            "description": "",
            "dhcp_options": [],
            "folder_id": "b1g4oj1qbocerk58ophh",
            "id": "e9bqnv1gusfla46oe5mj",
            "labels": {},
            "name": "private",
            "network_id": "enpb45l916pau09a9vsd",
            "route_table_id": "enpvq2ke5k7vratt8fu4",
            "timeouts": null,
            "v4_cidr_blocks": [
              "192.168.20.0/24"
            ],
            "v6_cidr_blocks": [],
            "zone": "ru-central1-a"
          },
          "sensitive_attributes": [],
          "private": "eyJlMmJmYjczMC1lY2FhLTExZTYtOGY4OC0zNDM2M2JjN2M0YzAiOnsiY3JlYXRlIjoxODAwMDAwMDAwMDAsImRlbGV0ZSI6MTgwMDAwMDAwMDAwLCJ1cGRhdGUiOjE4MDAwMDAwMDAwMH19",
          "dependencies": [
            "yandex_vpc_network.yc_net_home",
            "yandex_vpc_route_table.nat-route-table"
          ]
        }
      ]
    },
    {
      "mode": "managed",
      "type": "yandex_vpc_subnet",
      "name": "public",
      "provider": "provider[\"registry.terraform.io/yandex-cloud/yandex\"]",
      "instances": [
        {
          "schema_version": 0,
          "attributes": {
            "created_at": "2025-04-16T15:29:53Z",
            "description": "",
            "dhcp_options": [],
            "folder_id": "b1g4oj1qbocerk58ophh",
            "id": "e9bmpmp7ahiojfvkblf9",
            "labels": {},
            "name": "public",
            "network_id": "enpb45l916pau09a9vsd",
            "route_table_id": "",
            "timeouts": null,
            "v4_cidr_blocks": [
              "192.168.10.0/24"
            ],
            "v6_cidr_blocks": [],
            "zone": "ru-central1-a"
          },
          "sensitive_attributes": [],
          "private": "eyJlMmJmYjczMC1lY2FhLTExZTYtOGY4OC0zNDM2M2JjN2M0YzAiOnsiY3JlYXRlIjoxODAwMDAwMDAwMDAsImRlbGV0ZSI6MTgwMDAwMDAwMDAwLCJ1cGRhdGUiOjE4MDAwMDAwMDAwMH19",
          "dependencies": [
            "yandex_vpc_network.yc_net_home"
          ]
        }
      ]
    }
  ],
  "check_results": null
}
